// !$*UTF8*$!
{
	archiveVersion = 1;
	classes = {
	};
	objectVersion = 46;
	objects = {

/* Begin PBXBuildFile section */
		0A0F3E501DBC14FA00F8A21D /* AppDelegate.swift in Sources */ = {isa = PBXBuildFile; fileRef = 0A0F3E4F1DBC14FA00F8A21D /* AppDelegate.swift */; };
		0A0F3E521DBC14FA00F8A21D /* ViewController.swift in Sources */ = {isa = PBXBuildFile; fileRef = 0A0F3E511DBC14FA00F8A21D /* ViewController.swift */; };
		0A0F3E551DBC14FA00F8A21D /* Main.storyboard in Resources */ = {isa = PBXBuildFile; fileRef = 0A0F3E531DBC14FA00F8A21D /* Main.storyboard */; };
		0A0F3E571DBC14FA00F8A21D /* Assets.xcassets in Resources */ = {isa = PBXBuildFile; fileRef = 0A0F3E561DBC14FA00F8A21D /* Assets.xcassets */; };
		0A0F3E5A1DBC14FA00F8A21D /* LaunchScreen.storyboard in Resources */ = {isa = PBXBuildFile; fileRef = 0A0F3E581DBC14FA00F8A21D /* LaunchScreen.storyboard */; };
		0A0F3E651DBC14FA00F8A21D /* RealifeTests.swift in Sources */ = {isa = PBXBuildFile; fileRef = 0A0F3E641DBC14FA00F8A21D /* RealifeTests.swift */; };
		0A0F3E701DBC14FA00F8A21D /* RealifeUITests.swift in Sources */ = {isa = PBXBuildFile; fileRef = 0A0F3E6F1DBC14FA00F8A21D /* RealifeUITests.swift */; };
		0A0F3E7E1DBC150900F8A21D /* StarReview.swift in Sources */ = {isa = PBXBuildFile; fileRef = 0A0F3E7D1DBC150900F8A21D /* StarReview.swift */; };
		277684361DBE097500B78153 /* GoogleService-Info.plist in Resources */ = {isa = PBXBuildFile; fileRef = 277684351DBE097500B78153 /* GoogleService-Info.plist */; };
		27F72CC41DBE2D1F00602CBC /* FBSDKCoreKit.framework in Frameworks */ = {isa = PBXBuildFile; fileRef = 27F72CC31DBE2D1F00602CBC /* FBSDKCoreKit.framework */; };
		27F72CC61DBE2D2200602CBC /* FBSDKLoginKit.framework in Frameworks */ = {isa = PBXBuildFile; fileRef = 27F72CC51DBE2D2200602CBC /* FBSDKLoginKit.framework */; };
		27F72CC81DBE2E6700602CBC /* Authentification.swift in Sources */ = {isa = PBXBuildFile; fileRef = 27F72CC71DBE2E6700602CBC /* Authentification.swift */; };
		6AE7B6CA7B9422C74770089A /* Pods_Realife.framework in Frameworks */ = {isa = PBXBuildFile; fileRef = AB0131ECA387E5B9DC079C4F /* Pods_Realife.framework */; };
		B6D2AAEF1508941CF52D1E91 /* Pods_RealifeUITests.framework in Frameworks */ = {isa = PBXBuildFile; fileRef = 37C1108E458E240BA151EA66 /* Pods_RealifeUITests.framework */; };
		C9F205F028580D6F4B4BCCA3 /* Pods_RealifeTests.framework in Frameworks */ = {isa = PBXBuildFile; fileRef = 4D542682C96D5EA2D0025C6B /* Pods_RealifeTests.framework */; };
/* End PBXBuildFile section */

/* Begin PBXContainerItemProxy section */
		0A0F3E611DBC14FA00F8A21D /* PBXContainerItemProxy */ = {
			isa = PBXContainerItemProxy;
			containerPortal = 0A0F3E441DBC14FA00F8A21D /* Project object */;
			proxyType = 1;
			remoteGlobalIDString = 0A0F3E4B1DBC14FA00F8A21D;
			remoteInfo = Realife;
		};
		0A0F3E6C1DBC14FA00F8A21D /* PBXContainerItemProxy */ = {
			isa = PBXContainerItemProxy;
			containerPortal = 0A0F3E441DBC14FA00F8A21D /* Project object */;
			proxyType = 1;
			remoteGlobalIDString = 0A0F3E4B1DBC14FA00F8A21D;
			remoteInfo = Realife;
		};
/* End PBXContainerItemProxy section */

/* Begin PBXFileReference section */
		0A0F3E4C1DBC14FA00F8A21D /* Realife.app */ = {isa = PBXFileReference; explicitFileType = wrapper.application; includeInIndex = 0; path = Realife.app; sourceTree = BUILT_PRODUCTS_DIR; };
		0A0F3E4F1DBC14FA00F8A21D /* AppDelegate.swift */ = {isa = PBXFileReference; lastKnownFileType = sourcecode.swift; path = AppDelegate.swift; sourceTree = "<group>"; };
		0A0F3E511DBC14FA00F8A21D /* ViewController.swift */ = {isa = PBXFileReference; lastKnownFileType = sourcecode.swift; path = ViewController.swift; sourceTree = "<group>"; };
		0A0F3E541DBC14FA00F8A21D /* Base */ = {isa = PBXFileReference; lastKnownFileType = file.storyboard; name = Base; path = Base.lproj/Main.storyboard; sourceTree = "<group>"; };
		0A0F3E561DBC14FA00F8A21D /* Assets.xcassets */ = {isa = PBXFileReference; lastKnownFileType = folder.assetcatalog; path = Assets.xcassets; sourceTree = "<group>"; };
		0A0F3E591DBC14FA00F8A21D /* Base */ = {isa = PBXFileReference; lastKnownFileType = file.storyboard; name = Base; path = Base.lproj/LaunchScreen.storyboard; sourceTree = "<group>"; };
		0A0F3E5B1DBC14FA00F8A21D /* Info.plist */ = {isa = PBXFileReference; lastKnownFileType = text.plist.xml; path = Info.plist; sourceTree = "<group>"; };
		0A0F3E601DBC14FA00F8A21D /* RealifeTests.xctest */ = {isa = PBXFileReference; explicitFileType = wrapper.cfbundle; includeInIndex = 0; path = RealifeTests.xctest; sourceTree = BUILT_PRODUCTS_DIR; };
		0A0F3E641DBC14FA00F8A21D /* RealifeTests.swift */ = {isa = PBXFileReference; lastKnownFileType = sourcecode.swift; path = RealifeTests.swift; sourceTree = "<group>"; };
		0A0F3E661DBC14FA00F8A21D /* Info.plist */ = {isa = PBXFileReference; lastKnownFileType = text.plist.xml; path = Info.plist; sourceTree = "<group>"; };
		0A0F3E6B1DBC14FA00F8A21D /* RealifeUITests.xctest */ = {isa = PBXFileReference; explicitFileType = wrapper.cfbundle; includeInIndex = 0; path = RealifeUITests.xctest; sourceTree = BUILT_PRODUCTS_DIR; };
		0A0F3E6F1DBC14FA00F8A21D /* RealifeUITests.swift */ = {isa = PBXFileReference; lastKnownFileType = sourcecode.swift; path = RealifeUITests.swift; sourceTree = "<group>"; };
		0A0F3E711DBC14FA00F8A21D /* Info.plist */ = {isa = PBXFileReference; lastKnownFileType = text.plist.xml; path = Info.plist; sourceTree = "<group>"; };
		0A0F3E7D1DBC150900F8A21D /* StarReview.swift */ = {isa = PBXFileReference; fileEncoding = 4; lastKnownFileType = sourcecode.swift; path = StarReview.swift; sourceTree = "<group>"; };
		277684351DBE097500B78153 /* GoogleService-Info.plist */ = {isa = PBXFileReference; lastKnownFileType = text.plist.xml; path = "GoogleService-Info.plist"; sourceTree = "<group>"; };
		27F72CC31DBE2D1F00602CBC /* FBSDKCoreKit.framework */ = {isa = PBXFileReference; lastKnownFileType = wrapper.framework; name = FBSDKCoreKit.framework; path = "Pods/../build/Debug-iphoneos/FBSDKCoreKit/FBSDKCoreKit.framework"; sourceTree = "<group>"; };
		27F72CC51DBE2D2200602CBC /* FBSDKLoginKit.framework */ = {isa = PBXFileReference; lastKnownFileType = wrapper.framework; name = FBSDKLoginKit.framework; path = "../../Library/Developer/Xcode/DerivedData/Realife-debnqdnlvpqxoydlnctaioohfhon/Build/Products/Debug-iphonesimulator/FBSDKLoginKit/FBSDKLoginKit.framework"; sourceTree = "<group>"; };
		27F72CC71DBE2E6700602CBC /* Authentification.swift */ = {isa = PBXFileReference; fileEncoding = 4; lastKnownFileType = sourcecode.swift; path = Authentification.swift; sourceTree = "<group>"; };
		27F72CC91DBE43E100602CBC /* Realife.entitlements */ = {isa = PBXFileReference; lastKnownFileType = text.plist.entitlements; path = Realife.entitlements; sourceTree = "<group>"; };
		37C1108E458E240BA151EA66 /* Pods_RealifeUITests.framework */ = {isa = PBXFileReference; explicitFileType = wrapper.framework; includeInIndex = 0; path = Pods_RealifeUITests.framework; sourceTree = BUILT_PRODUCTS_DIR; };
		38B1E8A0291315856F39DB08 /* Pods-RealifeTests.debug.xcconfig */ = {isa = PBXFileReference; includeInIndex = 1; lastKnownFileType = text.xcconfig; name = "Pods-RealifeTests.debug.xcconfig"; path = "Pods/Target Support Files/Pods-RealifeTests/Pods-RealifeTests.debug.xcconfig"; sourceTree = "<group>"; };
		3F4AA08772B8B633026D8F7C /* Pods-RealifeUITests.debug.xcconfig */ = {isa = PBXFileReference; includeInIndex = 1; lastKnownFileType = text.xcconfig; name = "Pods-RealifeUITests.debug.xcconfig"; path = "Pods/Target Support Files/Pods-RealifeUITests/Pods-RealifeUITests.debug.xcconfig"; sourceTree = "<group>"; };
		4D542682C96D5EA2D0025C6B /* Pods_RealifeTests.framework */ = {isa = PBXFileReference; explicitFileType = wrapper.framework; includeInIndex = 0; path = Pods_RealifeTests.framework; sourceTree = BUILT_PRODUCTS_DIR; };
		8A4B9E2A1B4B7826CAD64B91 /* Pods-Realife.debug.xcconfig */ = {isa = PBXFileReference; includeInIndex = 1; lastKnownFileType = text.xcconfig; name = "Pods-Realife.debug.xcconfig"; path = "Pods/Target Support Files/Pods-Realife/Pods-Realife.debug.xcconfig"; sourceTree = "<group>"; };
		A084BFDDA320D83C1F9282D2 /* Pods-RealifeTests.release.xcconfig */ = {isa = PBXFileReference; includeInIndex = 1; lastKnownFileType = text.xcconfig; name = "Pods-RealifeTests.release.xcconfig"; path = "Pods/Target Support Files/Pods-RealifeTests/Pods-RealifeTests.release.xcconfig"; sourceTree = "<group>"; };
		AB0131ECA387E5B9DC079C4F /* Pods_Realife.framework */ = {isa = PBXFileReference; explicitFileType = wrapper.framework; includeInIndex = 0; path = Pods_Realife.framework; sourceTree = BUILT_PRODUCTS_DIR; };
		BD32389B42D9152C3038F178 /* Pods-Realife.release.xcconfig */ = {isa = PBXFileReference; includeInIndex = 1; lastKnownFileType = text.xcconfig; name = "Pods-Realife.release.xcconfig"; path = "Pods/Target Support Files/Pods-Realife/Pods-Realife.release.xcconfig"; sourceTree = "<group>"; };
		E862C5DA263BF6C33432EFCD /* Pods-RealifeUITests.release.xcconfig */ = {isa = PBXFileReference; includeInIndex = 1; lastKnownFileType = text.xcconfig; name = "Pods-RealifeUITests.release.xcconfig"; path = "Pods/Target Support Files/Pods-RealifeUITests/Pods-RealifeUITests.release.xcconfig"; sourceTree = "<group>"; };
/* End PBXFileReference section */

/* Begin PBXFrameworksBuildPhase section */
		0A0F3E491DBC14FA00F8A21D /* Frameworks */ = {
			isa = PBXFrameworksBuildPhase;
			buildActionMask = 2147483647;
			files = (
				27F72CC61DBE2D2200602CBC /* FBSDKLoginKit.framework in Frameworks */,
				27F72CC41DBE2D1F00602CBC /* FBSDKCoreKit.framework in Frameworks */,
				6AE7B6CA7B9422C74770089A /* Pods_Realife.framework in Frameworks */,
			);
			runOnlyForDeploymentPostprocessing = 0;
		};
		0A0F3E5D1DBC14FA00F8A21D /* Frameworks */ = {
			isa = PBXFrameworksBuildPhase;
			buildActionMask = 2147483647;
			files = (
				C9F205F028580D6F4B4BCCA3 /* Pods_RealifeTests.framework in Frameworks */,
			);
			runOnlyForDeploymentPostprocessing = 0;
		};
		0A0F3E681DBC14FA00F8A21D /* Frameworks */ = {
			isa = PBXFrameworksBuildPhase;
			buildActionMask = 2147483647;
			files = (
				B6D2AAEF1508941CF52D1E91 /* Pods_RealifeUITests.framework in Frameworks */,
			);
			runOnlyForDeploymentPostprocessing = 0;
		};
/* End PBXFrameworksBuildPhase section */

/* Begin PBXGroup section */
		0A0F3E431DBC14FA00F8A21D = {
			isa = PBXGroup;
			children = (
				277684351DBE097500B78153 /* GoogleService-Info.plist */,
				0A0F3E4E1DBC14FA00F8A21D /* Realife */,
				0A0F3E631DBC14FA00F8A21D /* RealifeTests */,
				0A0F3E6E1DBC14FA00F8A21D /* RealifeUITests */,
				0A0F3E4D1DBC14FA00F8A21D /* Products */,
				6CE0C7AF6E9B4C479CD937D6 /* Pods */,
				7082A8B82147B0630C130475 /* Frameworks */,
			);
			sourceTree = "<group>";
		};
		0A0F3E4D1DBC14FA00F8A21D /* Products */ = {
			isa = PBXGroup;
			children = (
				0A0F3E4C1DBC14FA00F8A21D /* Realife.app */,
				0A0F3E601DBC14FA00F8A21D /* RealifeTests.xctest */,
				0A0F3E6B1DBC14FA00F8A21D /* RealifeUITests.xctest */,
			);
			name = Products;
			sourceTree = "<group>";
		};
		0A0F3E4E1DBC14FA00F8A21D /* Realife */ = {
			isa = PBXGroup;
			children = (
				27F72CC91DBE43E100602CBC /* Realife.entitlements */,
				0A0F3E4F1DBC14FA00F8A21D /* AppDelegate.swift */,
				0A0F3E7D1DBC150900F8A21D /* StarReview.swift */,
				0A0F3E511DBC14FA00F8A21D /* ViewController.swift */,
				0A0F3E531DBC14FA00F8A21D /* Main.storyboard */,
				27F72CC71DBE2E6700602CBC /* Authentification.swift */,
				0A0F3E561DBC14FA00F8A21D /* Assets.xcassets */,
				0A0F3E581DBC14FA00F8A21D /* LaunchScreen.storyboard */,
				0A0F3E5B1DBC14FA00F8A21D /* Info.plist */,
			);
			path = Realife;
			sourceTree = "<group>";
		};
		0A0F3E631DBC14FA00F8A21D /* RealifeTests */ = {
			isa = PBXGroup;
			children = (
				0A0F3E641DBC14FA00F8A21D /* RealifeTests.swift */,
				0A0F3E661DBC14FA00F8A21D /* Info.plist */,
			);
			path = RealifeTests;
			sourceTree = "<group>";
		};
		0A0F3E6E1DBC14FA00F8A21D /* RealifeUITests */ = {
			isa = PBXGroup;
			children = (
				0A0F3E6F1DBC14FA00F8A21D /* RealifeUITests.swift */,
				0A0F3E711DBC14FA00F8A21D /* Info.plist */,
			);
			path = RealifeUITests;
			sourceTree = "<group>";
		};
		6CE0C7AF6E9B4C479CD937D6 /* Pods */ = {
			isa = PBXGroup;
			children = (
				8A4B9E2A1B4B7826CAD64B91 /* Pods-Realife.debug.xcconfig */,
				BD32389B42D9152C3038F178 /* Pods-Realife.release.xcconfig */,
				38B1E8A0291315856F39DB08 /* Pods-RealifeTests.debug.xcconfig */,
				A084BFDDA320D83C1F9282D2 /* Pods-RealifeTests.release.xcconfig */,
				3F4AA08772B8B633026D8F7C /* Pods-RealifeUITests.debug.xcconfig */,
				E862C5DA263BF6C33432EFCD /* Pods-RealifeUITests.release.xcconfig */,
			);
			name = Pods;
			sourceTree = "<group>";
		};
		7082A8B82147B0630C130475 /* Frameworks */ = {
			isa = PBXGroup;
			children = (
				27F72CC51DBE2D2200602CBC /* FBSDKLoginKit.framework */,
				27F72CC31DBE2D1F00602CBC /* FBSDKCoreKit.framework */,
				AB0131ECA387E5B9DC079C4F /* Pods_Realife.framework */,
				4D542682C96D5EA2D0025C6B /* Pods_RealifeTests.framework */,
				37C1108E458E240BA151EA66 /* Pods_RealifeUITests.framework */,
			);
			name = Frameworks;
			sourceTree = "<group>";
		};
/* End PBXGroup section */

/* Begin PBXNativeTarget section */
		0A0F3E4B1DBC14FA00F8A21D /* Realife */ = {
			isa = PBXNativeTarget;
			buildConfigurationList = 0A0F3E741DBC14FA00F8A21D /* Build configuration list for PBXNativeTarget "Realife" */;
			buildPhases = (
				C9F2B1E9E53D824CF0F4CDFB /* [CP] Check Pods Manifest.lock */,
				0A0F3E481DBC14FA00F8A21D /* Sources */,
				0A0F3E491DBC14FA00F8A21D /* Frameworks */,
				0A0F3E4A1DBC14FA00F8A21D /* Resources */,
				E11D181B3E1F2AAE05DA8B35 /* [CP] Embed Pods Frameworks */,
				5F242803B414804332A1F0AF /* [CP] Copy Pods Resources */,
			);
			buildRules = (
			);
			dependencies = (
			);
			name = Realife;
			productName = Realife;
			productReference = 0A0F3E4C1DBC14FA00F8A21D /* Realife.app */;
			productType = "com.apple.product-type.application";
		};
		0A0F3E5F1DBC14FA00F8A21D /* RealifeTests */ = {
			isa = PBXNativeTarget;
			buildConfigurationList = 0A0F3E771DBC14FA00F8A21D /* Build configuration list for PBXNativeTarget "RealifeTests" */;
			buildPhases = (
				6971FC31506C21AD17740A90 /* [CP] Check Pods Manifest.lock */,
				0A0F3E5C1DBC14FA00F8A21D /* Sources */,
				0A0F3E5D1DBC14FA00F8A21D /* Frameworks */,
				0A0F3E5E1DBC14FA00F8A21D /* Resources */,
				6B81622B46D08242F6DBD270 /* [CP] Embed Pods Frameworks */,
				D01FC5F2D7E53DADBFA2576D /* [CP] Copy Pods Resources */,
			);
			buildRules = (
			);
			dependencies = (
				0A0F3E621DBC14FA00F8A21D /* PBXTargetDependency */,
			);
			name = RealifeTests;
			productName = RealifeTests;
			productReference = 0A0F3E601DBC14FA00F8A21D /* RealifeTests.xctest */;
			productType = "com.apple.product-type.bundle.unit-test";
		};
		0A0F3E6A1DBC14FA00F8A21D /* RealifeUITests */ = {
			isa = PBXNativeTarget;
			buildConfigurationList = 0A0F3E7A1DBC14FA00F8A21D /* Build configuration list for PBXNativeTarget "RealifeUITests" */;
			buildPhases = (
				FB0C466D03E36F28E73FAAFD /* [CP] Check Pods Manifest.lock */,
				0A0F3E671DBC14FA00F8A21D /* Sources */,
				0A0F3E681DBC14FA00F8A21D /* Frameworks */,
				0A0F3E691DBC14FA00F8A21D /* Resources */,
				10B53BED3EE3022F9D4BE7A2 /* [CP] Embed Pods Frameworks */,
				36C74A7E64B5E54FA1CE38AC /* [CP] Copy Pods Resources */,
			);
			buildRules = (
			);
			dependencies = (
				0A0F3E6D1DBC14FA00F8A21D /* PBXTargetDependency */,
			);
			name = RealifeUITests;
			productName = RealifeUITests;
			productReference = 0A0F3E6B1DBC14FA00F8A21D /* RealifeUITests.xctest */;
			productType = "com.apple.product-type.bundle.ui-testing";
		};
/* End PBXNativeTarget section */

/* Begin PBXProject section */
		0A0F3E441DBC14FA00F8A21D /* Project object */ = {
			isa = PBXProject;
			attributes = {
				LastSwiftUpdateCheck = 0800;
				LastUpgradeCheck = 0800;
				ORGANIZATIONNAME = "Kevin Empociello";
				TargetAttributes = {
					0A0F3E4B1DBC14FA00F8A21D = {
						CreatedOnToolsVersion = 8.0;
						DevelopmentTeam = 675QXTVWJK;
						ProvisioningStyle = Automatic;
						SystemCapabilities = {
							com.apple.Keychain = {
								enabled = 1;
							};
						};
					};
					0A0F3E5F1DBC14FA00F8A21D = {
						CreatedOnToolsVersion = 8.0;
						ProvisioningStyle = Automatic;
						TestTargetID = 0A0F3E4B1DBC14FA00F8A21D;
					};
					0A0F3E6A1DBC14FA00F8A21D = {
						CreatedOnToolsVersion = 8.0;
						ProvisioningStyle = Automatic;
						TestTargetID = 0A0F3E4B1DBC14FA00F8A21D;
					};
				};
			};
			buildConfigurationList = 0A0F3E471DBC14FA00F8A21D /* Build configuration list for PBXProject "Realife" */;
			compatibilityVersion = "Xcode 3.2";
			developmentRegion = English;
			hasScannedForEncodings = 0;
			knownRegions = (
				en,
				Base,
			);
			mainGroup = 0A0F3E431DBC14FA00F8A21D;
			productRefGroup = 0A0F3E4D1DBC14FA00F8A21D /* Products */;
			projectDirPath = "";
			projectRoot = "";
			targets = (
				0A0F3E4B1DBC14FA00F8A21D /* Realife */,
				0A0F3E5F1DBC14FA00F8A21D /* RealifeTests */,
				0A0F3E6A1DBC14FA00F8A21D /* RealifeUITests */,
			);
		};
/* End PBXProject section */

/* Begin PBXResourcesBuildPhase section */
		0A0F3E4A1DBC14FA00F8A21D /* Resources */ = {
			isa = PBXResourcesBuildPhase;
			buildActionMask = 2147483647;
			files = (
				277684361DBE097500B78153 /* GoogleService-Info.plist in Resources */,
				0A0F3E5A1DBC14FA00F8A21D /* LaunchScreen.storyboard in Resources */,
				0A0F3E571DBC14FA00F8A21D /* Assets.xcassets in Resources */,
				0A0F3E551DBC14FA00F8A21D /* Main.storyboard in Resources */,
			);
			runOnlyForDeploymentPostprocessing = 0;
		};
		0A0F3E5E1DBC14FA00F8A21D /* Resources */ = {
			isa = PBXResourcesBuildPhase;
			buildActionMask = 2147483647;
			files = (
			);
			runOnlyForDeploymentPostprocessing = 0;
		};
		0A0F3E691DBC14FA00F8A21D /* Resources */ = {
			isa = PBXResourcesBuildPhase;
			buildActionMask = 2147483647;
			files = (
			);
			runOnlyForDeploymentPostprocessing = 0;
		};
/* End PBXResourcesBuildPhase section */

/* Begin PBXShellScriptBuildPhase section */
		10B53BED3EE3022F9D4BE7A2 /* [CP] Embed Pods Frameworks */ = {
			isa = PBXShellScriptBuildPhase;
			buildActionMask = 2147483647;
			files = (
			);
			inputPaths = (
			);
			name = "[CP] Embed Pods Frameworks";
			outputPaths = (
			);
			runOnlyForDeploymentPostprocessing = 0;
			shellPath = /bin/sh;
			shellScript = "\"${SRCROOT}/Pods/Target Support Files/Pods-RealifeUITests/Pods-RealifeUITests-frameworks.sh\"\n";
			showEnvVarsInLog = 0;
		};
		36C74A7E64B5E54FA1CE38AC /* [CP] Copy Pods Resources */ = {
			isa = PBXShellScriptBuildPhase;
			buildActionMask = 2147483647;
			files = (
			);
			inputPaths = (
			);
			name = "[CP] Copy Pods Resources";
			outputPaths = (
			);
			runOnlyForDeploymentPostprocessing = 0;
			shellPath = /bin/sh;
			shellScript = "\"${SRCROOT}/Pods/Target Support Files/Pods-RealifeUITests/Pods-RealifeUITests-resources.sh\"\n";
			showEnvVarsInLog = 0;
		};
		5F242803B414804332A1F0AF /* [CP] Copy Pods Resources */ = {
			isa = PBXShellScriptBuildPhase;
			buildActionMask = 2147483647;
			files = (
			);
			inputPaths = (
			);
			name = "[CP] Copy Pods Resources";
			outputPaths = (
			);
			runOnlyForDeploymentPostprocessing = 0;
			shellPath = /bin/sh;
			shellScript = "\"${SRCROOT}/Pods/Target Support Files/Pods-Realife/Pods-Realife-resources.sh\"\n";
			showEnvVarsInLog = 0;
		};
		6971FC31506C21AD17740A90 /* [CP] Check Pods Manifest.lock */ = {
			isa = PBXShellScriptBuildPhase;
			buildActionMask = 2147483647;
			files = (
			);
			inputPaths = (
			);
			name = "[CP] Check Pods Manifest.lock";
			outputPaths = (
			);
			runOnlyForDeploymentPostprocessing = 0;
			shellPath = /bin/sh;
			shellScript = "diff \"${PODS_ROOT}/../Podfile.lock\" \"${PODS_ROOT}/Manifest.lock\" > /dev/null\nif [ $? != 0 ] ; then\n    # print error to STDERR\n    echo \"error: The sandbox is not in sync with the Podfile.lock. Run 'pod install' or update your CocoaPods installation.\" >&2\n    exit 1\nfi\n";
			showEnvVarsInLog = 0;
		};
		6B81622B46D08242F6DBD270 /* [CP] Embed Pods Frameworks */ = {
			isa = PBXShellScriptBuildPhase;
			buildActionMask = 2147483647;
			files = (
			);
			inputPaths = (
			);
			name = "[CP] Embed Pods Frameworks";
			outputPaths = (
			);
			runOnlyForDeploymentPostprocessing = 0;
			shellPath = /bin/sh;
			shellScript = "\"${SRCROOT}/Pods/Target Support Files/Pods-RealifeTests/Pods-RealifeTests-frameworks.sh\"\n";
			showEnvVarsInLog = 0;
		};
		C9F2B1E9E53D824CF0F4CDFB /* [CP] Check Pods Manifest.lock */ = {
			isa = PBXShellScriptBuildPhase;
			buildActionMask = 2147483647;
			files = (
			);
			inputPaths = (
			);
			name = "[CP] Check Pods Manifest.lock";
			outputPaths = (
			);
			runOnlyForDeploymentPostprocessing = 0;
			shellPath = /bin/sh;
			shellScript = "diff \"${PODS_ROOT}/../Podfile.lock\" \"${PODS_ROOT}/Manifest.lock\" > /dev/null\nif [ $? != 0 ] ; then\n    # print error to STDERR\n    echo \"error: The sandbox is not in sync with the Podfile.lock. Run 'pod install' or update your CocoaPods installation.\" >&2\n    exit 1\nfi\n";
			showEnvVarsInLog = 0;
		};
		D01FC5F2D7E53DADBFA2576D /* [CP] Copy Pods Resources */ = {
			isa = PBXShellScriptBuildPhase;
			buildActionMask = 2147483647;
			files = (
			);
			inputPaths = (
			);
			name = "[CP] Copy Pods Resources";
			outputPaths = (
			);
			runOnlyForDeploymentPostprocessing = 0;
			shellPath = /bin/sh;
			shellScript = "\"${SRCROOT}/Pods/Target Support Files/Pods-RealifeTests/Pods-RealifeTests-resources.sh\"\n";
			showEnvVarsInLog = 0;
		};
		E11D181B3E1F2AAE05DA8B35 /* [CP] Embed Pods Frameworks */ = {
			isa = PBXShellScriptBuildPhase;
			buildActionMask = 2147483647;
			files = (
			);
			inputPaths = (
			);
			name = "[CP] Embed Pods Frameworks";
			outputPaths = (
			);
			runOnlyForDeploymentPostprocessing = 0;
			shellPath = /bin/sh;
			shellScript = "\"${SRCROOT}/Pods/Target Support Files/Pods-Realife/Pods-Realife-frameworks.sh\"\n";
			showEnvVarsInLog = 0;
		};
		FB0C466D03E36F28E73FAAFD /* [CP] Check Pods Manifest.lock */ = {
			isa = PBXShellScriptBuildPhase;
			buildActionMask = 2147483647;
			files = (
			);
			inputPaths = (
			);
			name = "[CP] Check Pods Manifest.lock";
			outputPaths = (
			);
			runOnlyForDeploymentPostprocessing = 0;
			shellPath = /bin/sh;
			shellScript = "diff \"${PODS_ROOT}/../Podfile.lock\" \"${PODS_ROOT}/Manifest.lock\" > /dev/null\nif [ $? != 0 ] ; then\n    # print error to STDERR\n    echo \"error: The sandbox is not in sync with the Podfile.lock. Run 'pod install' or update your CocoaPods installation.\" >&2\n    exit 1\nfi\n";
			showEnvVarsInLog = 0;
		};
/* End PBXShellScriptBuildPhase section */

/* Begin PBXSourcesBuildPhase section */
		0A0F3E481DBC14FA00F8A21D /* Sources */ = {
			isa = PBXSourcesBuildPhase;
			buildActionMask = 2147483647;
			files = (
				27F72CC81DBE2E6700602CBC /* Authentification.swift in Sources */,
				0A0F3E521DBC14FA00F8A21D /* ViewController.swift in Sources */,
				0A0F3E7E1DBC150900F8A21D /* StarReview.swift in Sources */,
				0A0F3E501DBC14FA00F8A21D /* AppDelegate.swift in Sources */,
			);
			runOnlyForDeploymentPostprocessing = 0;
		};
		0A0F3E5C1DBC14FA00F8A21D /* Sources */ = {
			isa = PBXSourcesBuildPhase;
			buildActionMask = 2147483647;
			files = (
				0A0F3E651DBC14FA00F8A21D /* RealifeTests.swift in Sources */,
			);
			runOnlyForDeploymentPostprocessing = 0;
		};
		0A0F3E671DBC14FA00F8A21D /* Sources */ = {
			isa = PBXSourcesBuildPhase;
			buildActionMask = 2147483647;
			files = (
				0A0F3E701DBC14FA00F8A21D /* RealifeUITests.swift in Sources */,
			);
			runOnlyForDeploymentPostprocessing = 0;
		};
/* End PBXSourcesBuildPhase section */

/* Begin PBXTargetDependency section */
		0A0F3E621DBC14FA00F8A21D /* PBXTargetDependency */ = {
			isa = PBXTargetDependency;
			target = 0A0F3E4B1DBC14FA00F8A21D /* Realife */;
			targetProxy = 0A0F3E611DBC14FA00F8A21D /* PBXContainerItemProxy */;
		};
		0A0F3E6D1DBC14FA00F8A21D /* PBXTargetDependency */ = {
			isa = PBXTargetDependency;
			target = 0A0F3E4B1DBC14FA00F8A21D /* Realife */;
			targetProxy = 0A0F3E6C1DBC14FA00F8A21D /* PBXContainerItemProxy */;
		};
/* End PBXTargetDependency section */

/* Begin PBXVariantGroup section */
		0A0F3E531DBC14FA00F8A21D /* Main.storyboard */ = {
			isa = PBXVariantGroup;
			children = (
				0A0F3E541DBC14FA00F8A21D /* Base */,
			);
			name = Main.storyboard;
			sourceTree = "<group>";
		};
		0A0F3E581DBC14FA00F8A21D /* LaunchScreen.storyboard */ = {
			isa = PBXVariantGroup;
			children = (
				0A0F3E591DBC14FA00F8A21D /* Base */,
			);
			name = LaunchScreen.storyboard;
			sourceTree = "<group>";
		};
/* End PBXVariantGroup section */

/* Begin XCBuildConfiguration section */
		0A0F3E721DBC14FA00F8A21D /* Debug */ = {
			isa = XCBuildConfiguration;
			buildSettings = {
				ALWAYS_SEARCH_USER_PATHS = NO;
				CLANG_ANALYZER_NONNULL = YES;
				CLANG_CXX_LANGUAGE_STANDARD = "gnu++0x";
				CLANG_CXX_LIBRARY = "libc++";
				CLANG_ENABLE_MODULES = YES;
				CLANG_ENABLE_OBJC_ARC = YES;
				CLANG_WARN_BOOL_CONVERSION = YES;
				CLANG_WARN_CONSTANT_CONVERSION = YES;
				CLANG_WARN_DIRECT_OBJC_ISA_USAGE = YES_ERROR;
				CLANG_WARN_DOCUMENTATION_COMMENTS = YES;
				CLANG_WARN_EMPTY_BODY = YES;
				CLANG_WARN_ENUM_CONVERSION = YES;
				CLANG_WARN_INFINITE_RECURSION = YES;
				CLANG_WARN_INT_CONVERSION = YES;
				CLANG_WARN_OBJC_ROOT_CLASS = YES_ERROR;
				CLANG_WARN_SUSPICIOUS_MOVES = YES;
				CLANG_WARN_UNREACHABLE_CODE = YES;
				CLANG_WARN__DUPLICATE_METHOD_MATCH = YES;
				"CODE_SIGN_IDENTITY[sdk=iphoneos*]" = "iPhone Developer";
				COPY_PHASE_STRIP = NO;
				DEBUG_INFORMATION_FORMAT = dwarf;
				ENABLE_STRICT_OBJC_MSGSEND = YES;
				ENABLE_TESTABILITY = YES;
				GCC_C_LANGUAGE_STANDARD = gnu99;
				GCC_DYNAMIC_NO_PIC = NO;
				GCC_NO_COMMON_BLOCKS = YES;
				GCC_OPTIMIZATION_LEVEL = 0;
				GCC_PREPROCESSOR_DEFINITIONS = (
					"DEBUG=1",
					"$(inherited)",
				);
				GCC_WARN_64_TO_32_BIT_CONVERSION = YES;
				GCC_WARN_ABOUT_RETURN_TYPE = YES_ERROR;
				GCC_WARN_UNDECLARED_SELECTOR = YES;
				GCC_WARN_UNINITIALIZED_AUTOS = YES_AGGRESSIVE;
				GCC_WARN_UNUSED_FUNCTION = YES;
				GCC_WARN_UNUSED_VARIABLE = YES;
				IPHONEOS_DEPLOYMENT_TARGET = 10.0;
				MTL_ENABLE_DEBUG_INFO = YES;
				ONLY_ACTIVE_ARCH = YES;
				SDKROOT = iphoneos;
				SWIFT_ACTIVE_COMPILATION_CONDITIONS = DEBUG;
				SWIFT_OPTIMIZATION_LEVEL = "-Onone";
			};
			name = Debug;
		};
		0A0F3E731DBC14FA00F8A21D /* Release */ = {
			isa = XCBuildConfiguration;
			buildSettings = {
				ALWAYS_SEARCH_USER_PATHS = NO;
				CLANG_ANALYZER_NONNULL = YES;
				CLANG_CXX_LANGUAGE_STANDARD = "gnu++0x";
				CLANG_CXX_LIBRARY = "libc++";
				CLANG_ENABLE_MODULES = YES;
				CLANG_ENABLE_OBJC_ARC = YES;
				CLANG_WARN_BOOL_CONVERSION = YES;
				CLANG_WARN_CONSTANT_CONVERSION = YES;
				CLANG_WARN_DIRECT_OBJC_ISA_USAGE = YES_ERROR;
				CLANG_WARN_DOCUMENTATION_COMMENTS = YES;
				CLANG_WARN_EMPTY_BODY = YES;
				CLANG_WARN_ENUM_CONVERSION = YES;
				CLANG_WARN_INFINITE_RECURSION = YES;
				CLANG_WARN_INT_CONVERSION = YES;
				CLANG_WARN_OBJC_ROOT_CLASS = YES_ERROR;
				CLANG_WARN_SUSPICIOUS_MOVES = YES;
				CLANG_WARN_UNREACHABLE_CODE = YES;
				CLANG_WARN__DUPLICATE_METHOD_MATCH = YES;
				"CODE_SIGN_IDENTITY[sdk=iphoneos*]" = "iPhone Developer";
				COPY_PHASE_STRIP = NO;
				DEBUG_INFORMATION_FORMAT = "dwarf-with-dsym";
				ENABLE_NS_ASSERTIONS = NO;
				ENABLE_STRICT_OBJC_MSGSEND = YES;
				GCC_C_LANGUAGE_STANDARD = gnu99;
				GCC_NO_COMMON_BLOCKS = YES;
				GCC_WARN_64_TO_32_BIT_CONVERSION = YES;
				GCC_WARN_ABOUT_RETURN_TYPE = YES_ERROR;
				GCC_WARN_UNDECLARED_SELECTOR = YES;
				GCC_WARN_UNINITIALIZED_AUTOS = YES_AGGRESSIVE;
				GCC_WARN_UNUSED_FUNCTION = YES;
				GCC_WARN_UNUSED_VARIABLE = YES;
				IPHONEOS_DEPLOYMENT_TARGET = 10.0;
				MTL_ENABLE_DEBUG_INFO = NO;
				SDKROOT = iphoneos;
				SWIFT_OPTIMIZATION_LEVEL = "-Owholemodule";
				VALIDATE_PRODUCT = YES;
			};
			name = Release;
		};
		0A0F3E751DBC14FA00F8A21D /* Debug */ = {
			isa = XCBuildConfiguration;
			baseConfigurationReference = 8A4B9E2A1B4B7826CAD64B91 /* Pods-Realife.debug.xcconfig */;
			buildSettings = {
				ASSETCATALOG_COMPILER_APPICON_NAME = AppIcon;
				CODE_SIGN_ENTITLEMENTS = Realife/Realife.entitlements;
				"CODE_SIGN_IDENTITY[sdk=iphoneos*]" = "iPhone Developer";
				DEVELOPMENT_TEAM = 675QXTVWJK;
				FRAMEWORK_SEARCH_PATHS = (
					"$(inherited)",
					"\"${PODS_ROOT}/FirebaseAnalytics/Frameworks/frameworks\"",
					"\"${PODS_ROOT}/FirebaseInstanceID/Frameworks/frameworks\"",
					"\"${PODS_ROOT}/GoogleInterchangeUtilities/Frameworks\"",
					"\"${PODS_ROOT}/GoogleSymbolUtilities/Frameworks\"",
					"\"${PODS_ROOT}/GoogleUtilities/Frameworks\"",
					"$(PROJECT_DIR)/build/Debug-iphoneos/FBSDKCoreKit",
				);
				INFOPLIST_FILE = Realife/Info.plist;
				LD_RUNPATH_SEARCH_PATHS = "$(inherited) @executable_path/Frameworks";
				PRODUCT_BUNDLE_IDENTIFIER = com.sneakycorp.Realife;
				PRODUCT_NAME = "$(TARGET_NAME)";
				PROVISIONING_PROFILE = "";
				PROVISIONING_PROFILE_SPECIFIER = "";
				SWIFT_VERSION = 3.0;
			};
			name = Debug;
		};
		0A0F3E761DBC14FA00F8A21D /* Release */ = {
			isa = XCBuildConfiguration;
			baseConfigurationReference = BD32389B42D9152C3038F178 /* Pods-Realife.release.xcconfig */;
			buildSettings = {
				ASSETCATALOG_COMPILER_APPICON_NAME = AppIcon;
				CODE_SIGN_ENTITLEMENTS = Realife/Realife.entitlements;
				"CODE_SIGN_IDENTITY[sdk=iphoneos*]" = "iPhone Developer";
				DEVELOPMENT_TEAM = 675QXTVWJK;
				FRAMEWORK_SEARCH_PATHS = (
					"$(inherited)",
					"\"${PODS_ROOT}/FirebaseAnalytics/Frameworks/frameworks\"",
					"\"${PODS_ROOT}/FirebaseInstanceID/Frameworks/frameworks\"",
					"\"${PODS_ROOT}/GoogleInterchangeUtilities/Frameworks\"",
					"\"${PODS_ROOT}/GoogleSymbolUtilities/Frameworks\"",
					"\"${PODS_ROOT}/GoogleUtilities/Frameworks\"",
					"$(PROJECT_DIR)/build/Debug-iphoneos/FBSDKCoreKit",
				);
				INFOPLIST_FILE = Realife/Info.plist;
				LD_RUNPATH_SEARCH_PATHS = "$(inherited) @executable_path/Frameworks";
				PRODUCT_BUNDLE_IDENTIFIER = com.sneakycorp.Realife;
				PRODUCT_NAME = "$(TARGET_NAME)";
				PROVISIONING_PROFILE = "";
				PROVISIONING_PROFILE_SPECIFIER = "";
				SWIFT_VERSION = 3.0;
			};
			name = Release;
		};
		0A0F3E781DBC14FA00F8A21D /* Debug */ = {
			isa = XCBuildConfiguration;
			baseConfigurationReference = 38B1E8A0291315856F39DB08 /* Pods-RealifeTests.debug.xcconfig */;
			buildSettings = {
				ALWAYS_EMBED_SWIFT_STANDARD_LIBRARIES = YES;
				BUNDLE_LOADER = "$(TEST_HOST)";
				INFOPLIST_FILE = RealifeTests/Info.plist;
				LD_RUNPATH_SEARCH_PATHS = "$(inherited) @executable_path/Frameworks @loader_path/Frameworks";
				PRODUCT_BUNDLE_IDENTIFIER = com.sneakycorp.RealifeTests;
				PRODUCT_NAME = "$(TARGET_NAME)";
				SWIFT_VERSION = 3.0;
				TEST_HOST = "$(BUILT_PRODUCTS_DIR)/Realife.app/Realife";
			};
			name = Debug;
		};
		0A0F3E791DBC14FA00F8A21D /* Release */ = {
			isa = XCBuildConfiguration;
			baseConfigurationReference = A084BFDDA320D83C1F9282D2 /* Pods-RealifeTests.release.xcconfig */;
			buildSettings = {
				ALWAYS_EMBED_SWIFT_STANDARD_LIBRARIES = YES;
				BUNDLE_LOADER = "$(TEST_HOST)";
				INFOPLIST_FILE = RealifeTests/Info.plist;
				LD_RUNPATH_SEARCH_PATHS = "$(inherited) @executable_path/Frameworks @loader_path/Frameworks";
				PRODUCT_BUNDLE_IDENTIFIER = com.sneakycorp.RealifeTests;
				PRODUCT_NAME = "$(TARGET_NAME)";
				SWIFT_VERSION = 3.0;
				TEST_HOST = "$(BUILT_PRODUCTS_DIR)/Realife.app/Realife";
			};
			name = Release;
		};
		0A0F3E7B1DBC14FA00F8A21D /* Debug */ = {
			isa = XCBuildConfiguration;
			baseConfigurationReference = 3F4AA08772B8B633026D8F7C /* Pods-RealifeUITests.debug.xcconfig */;
			buildSettings = {
				ALWAYS_EMBED_SWIFT_STANDARD_LIBRARIES = YES;
				INFOPLIST_FILE = RealifeUITests/Info.plist;
				LD_RUNPATH_SEARCH_PATHS = "$(inherited) @executable_path/Frameworks @loader_path/Frameworks";
				PRODUCT_BUNDLE_IDENTIFIER = com.sneakycorp.RealifeUITests;
				PRODUCT_NAME = "$(TARGET_NAME)";
				SWIFT_VERSION = 3.0;
				TEST_TARGET_NAME = Realife;
			};
			name = Debug;
		};
		0A0F3E7C1DBC14FA00F8A21D /* Release */ = {
			isa = XCBuildConfiguration;
			baseConfigurationReference = E862C5DA263BF6C33432EFCD /* Pods-RealifeUITests.release.xcconfig */;
			buildSettings = {
				ALWAYS_EMBED_SWIFT_STANDARD_LIBRARIES = YES;
				INFOPLIST_FILE = RealifeUITests/Info.plist;
				LD_RUNPATH_SEARCH_PATHS = "$(inherited) @executable_path/Frameworks @loader_path/Frameworks";
				PRODUCT_BUNDLE_IDENTIFIER = com.sneakycorp.RealifeUITests;
				PRODUCT_NAME = "$(TARGET_NAME)";
				SWIFT_VERSION = 3.0;
				TEST_TARGET_NAME = Realife;
			};
			name = Release;
		};
/* End XCBuildConfiguration section */

/* Begin XCConfigurationList section */
		0A0F3E471DBC14FA00F8A21D /* Build configuration list for PBXProject "Realife" */ = {
			isa = XCConfigurationList;
			buildConfigurations = (
				0A0F3E721DBC14FA00F8A21D /* Debug */,
				0A0F3E731DBC14FA00F8A21D /* Release */,
			);
			defaultConfigurationIsVisible = 0;
			defaultConfigurationName = Release;
		};
		0A0F3E741DBC14FA00F8A21D /* Build configuration list for PBXNativeTarget "Realife" */ = {
			isa = XCConfigurationList;
			buildConfigurations = (
				0A0F3E751DBC14FA00F8A21D /* Debug */,
				0A0F3E761DBC14FA00F8A21D /* Release */,
			);
			defaultConfigurationIsVisible = 0;
			defaultConfigurationName = Release;
		};
		0A0F3E771DBC14FA00F8A21D /* Build configuration list for PBXNativeTarget "RealifeTests" */ = {
			isa = XCConfigurationList;
			buildConfigurations = (
				0A0F3E781DBC14FA00F8A21D /* Debug */,
				0A0F3E791DBC14FA00F8A21D /* Release */,
			);
			defaultConfigurationIsVisible = 0;
			defaultConfigurationName = Release;
		};
		0A0F3E7A1DBC14FA00F8A21D /* Build configuration list for PBXNativeTarget "RealifeUITests" */ = {
			isa = XCConfigurationList;
			buildConfigurations = (
				0A0F3E7B1DBC14FA00F8A21D /* Debug */,
				0A0F3E7C1DBC14FA00F8A21D /* Release */,
			);
			defaultConfigurationIsVisible = 0;
			defaultConfigurationName = Release;
		};
/* End XCConfigurationList section */
	};
	rootObject = 0A0F3E441DBC14FA00F8A21D /* Project object */;
}
